
Microsoft Visual Studio Solution File, Format Version 12.00
# Visual Studio Version 17
VisualStudioVersion = 17.0.31903.59
MinimumVisualStudioVersion = 10.0.40219.1
Project("{FAE04EC0-301F-11D3-BF4B-00C04F79EFBC}") = "SdkStyle-Failed", "SdkStyle-Failed\SdkStyle-Failed.csproj", "{F405B582-7400-4048-95C5-7A63D5A9CFCF}"
EndProject
Project("{FAE04EC0-301F-11D3-BF4B-00C04F79EFBC}") = "MSBuildStyle-Sucess", "MSBuildStyle-Sucess\MSBuildStyle-Sucess.csproj", "{4F4406D3-BFC7-4F0C-92F6-12D6F83728DA}"
EndProject
Global
	GlobalSection(SolutionConfigurationPlatforms) = preSolution
		Debug|Any CPU = Debug|Any CPU
		Release|Any CPU = Release|Any CPU
	EndGlobalSection
	GlobalSection(ProjectConfigurationPlatforms) = postSolution
		{F405B582-7400-4048-95C5-7A63D5A9CFCF}.Debug|Any CPU.ActiveCfg = Debug|Any CPU
		{F405B582-7400-4048-95C5-7A63D5A9CFCF}.Debug|Any CPU.Build.0 = Debug|Any CPU
		{F405B582-7400-4048-95C5-7A63D5A9CFCF}.Release|Any CPU.ActiveCfg = Release|Any CPU
		{F405B582-7400-4048-95C5-7A63D5A9CFCF}.Release|Any CPU.Build.0 = Release|Any CPU
		{4F4406D3-BFC7-4F0C-92F6-12D6F83728DA}.Debug|Any CPU.ActiveCfg = Debug|Any CPU
		{4F4406D3-BFC7-4F0C-92F6-12D6F83728DA}.Debug|Any CPU.Build.0 = Debug|Any CPU
		{4F4406D3-BFC7-4F0C-92F6-12D6F83728DA}.Release|Any CPU.ActiveCfg = Release|Any CPU
		{4F4406D3-BFC7-4F0C-92F6-12D6F83728DA}.Release|Any CPU.Build.0 = Release|Any CPU
	EndGlobalSection
	GlobalSection(SolutionProperties) = preSolution
		HideSolutionNode = FALSE
	EndGlobalSection
	GlobalSection(ExtensibilityGlobals) = postSolution
		SolutionGuid = {8ABD282F-7000-4C7D-9625-A3E878492A2F}
	EndGlobalSection
EndGlobal
